
Microsoft Visual Studio Solution File, Format Version 12.00
# Visual Studio Version 17
VisualStudioVersion = 17.10.35013.160
MinimumVisualStudioVersion = 10.0.40219.1
Project("{888888A0-9F3D-457C-B088-3A5042F75D52}") = "sementic", "sementic.pyproj", "{266AFE68-D2E9-4CAB-8FEC-021C11A62FE4}"
EndProject
Global
	GlobalSection(SolutionConfigurationPlatforms) = preSolution
		Debug|Any CPU = Debug|Any CPU
		Release|Any CPU = Release|Any CPU
	EndGlobalSection
	GlobalSection(ProjectConfigurationPlatforms) = postSolution
		{266AFE68-D2E9-4CAB-8FEC-021C11A62FE4}.Debug|Any CPU.ActiveCfg = Debug|Any CPU
		{266AFE68-D2E9-4CAB-8FEC-021C11A62FE4}.Release|Any CPU.ActiveCfg = Release|Any CPU
	EndGlobalSection
	GlobalSection(SolutionProperties) = preSolution
		HideSolutionNode = FALSE
	EndGlobalSection
	GlobalSection(ExtensibilityGlobals) = postSolution
		SolutionGuid = {79BDE62A-5AB4-44C5-A057-3F0B495CA3C9}
	EndGlobalSection
EndGlobal
